
Microsoft Visual Studio Solution File, Format Version 12.00
# Visual Studio 15
VisualStudioVersion = 15.0.27428.2005
MinimumVisualStudioVersion = 10.0.40219.1
Project("{FAE04EC0-301F-11D3-BF4B-00C04F79EFBC}") = "Monopoly.Console", "Monopoly.Console\Monopoly.Console.csproj", "{B92AD728-D2C2-4674-A14D-C80F9C2F20E3}"
EndProject
Project("{FAE04EC0-301F-11D3-BF4B-00C04F79EFBC}") = "Core", "Core\Core.csproj", "{A50E95BB-1DB9-4E69-9D17-56C84C15087B}"
EndProject
Global
	GlobalSection(SolutionConfigurationPlatforms) = preSolution
		Debug|Any CPU = Debug|Any CPU
		Release|Any CPU = Release|Any CPU
	EndGlobalSection
	GlobalSection(ProjectConfigurationPlatforms) = postSolution
		{B92AD728-D2C2-4674-A14D-C80F9C2F20E3}.Debug|Any CPU.ActiveCfg = Debug|Any CPU
		{B92AD728-D2C2-4674-A14D-C80F9C2F20E3}.Debug|Any CPU.Build.0 = Debug|Any CPU
		{B92AD728-D2C2-4674-A14D-C80F9C2F20E3}.Release|Any CPU.ActiveCfg = Release|Any CPU
		{B92AD728-D2C2-4674-A14D-C80F9C2F20E3}.Release|Any CPU.Build.0 = Release|Any CPU
		{A50E95BB-1DB9-4E69-9D17-56C84C15087B}.Debug|Any CPU.ActiveCfg = Debug|Any CPU
		{A50E95BB-1DB9-4E69-9D17-56C84C15087B}.Debug|Any CPU.Build.0 = Debug|Any CPU
		{A50E95BB-1DB9-4E69-9D17-56C84C15087B}.Release|Any CPU.ActiveCfg = Release|Any CPU
		{A50E95BB-1DB9-4E69-9D17-56C84C15087B}.Release|Any CPU.Build.0 = Release|Any CPU
	EndGlobalSection
	GlobalSection(SolutionProperties) = preSolution
		HideSolutionNode = FALSE
	EndGlobalSection
	GlobalSection(ExtensibilityGlobals) = postSolution
		SolutionGuid = {ED42427E-5097-4195-A347-9729FB8BC98E}
	EndGlobalSection
EndGlobal
